// !$*UTF8*$!
{
	archiveVersion = 1;
	classes = {
	};
	objectVersion = 46;
	objects = {

/* Begin PBXBuildFile section */
		C20254BB1751027100B6F23C /* NSDate+MTDates.m in Sources */ = {isa = PBXBuildFile; fileRef = C2ABA72315D490B4000A34A1 /* NSDate+MTDates.m */; };
		C20254BC1751027100B6F23C /* NSDateComponents+MTDates.m in Sources */ = {isa = PBXBuildFile; fileRef = C295B6E81607892000F4221C /* NSDateComponents+MTDates.m */; };
		C20254BE1751027100B6F23C /* Foundation.framework in Frameworks */ = {isa = PBXBuildFile; fileRef = C2ABA6EE15D48E93000A34A1 /* Foundation.framework */; };
		C295B6E91607892000F4221C /* NSDateComponents+MTDates.m in Sources */ = {isa = PBXBuildFile; fileRef = C295B6E81607892000F4221C /* NSDateComponents+MTDates.m */; };
		C295B6ED1607893600F4221C /* NSDateComponentsTests.m in Sources */ = {isa = PBXBuildFile; fileRef = C295B6EC1607893600F4221C /* NSDateComponentsTests.m */; };
		C295B6EE16078C0600F4221C /* NSDateComponents+MTDates.m in Sources */ = {isa = PBXBuildFile; fileRef = C295B6E81607892000F4221C /* NSDateComponents+MTDates.m */; };
		C2ABA6EF15D48E93000A34A1 /* Foundation.framework in Frameworks */ = {isa = PBXBuildFile; fileRef = C2ABA6EE15D48E93000A34A1 /* Foundation.framework */; };
		C2ABA6FE15D48E93000A34A1 /* SenTestingKit.framework in Frameworks */ = {isa = PBXBuildFile; fileRef = C2ABA6FD15D48E93000A34A1 /* SenTestingKit.framework */; };
		C2ABA70015D48E93000A34A1 /* UIKit.framework in Frameworks */ = {isa = PBXBuildFile; fileRef = C2ABA6FF15D48E93000A34A1 /* UIKit.framework */; };
		C2ABA70115D48E93000A34A1 /* Foundation.framework in Frameworks */ = {isa = PBXBuildFile; fileRef = C2ABA6EE15D48E93000A34A1 /* Foundation.framework */; };
		C2ABA70415D48E93000A34A1 /* libMTDates.a in Frameworks */ = {isa = PBXBuildFile; fileRef = C2ABA6EB15D48E92000A34A1 /* libMTDates.a */; };
		C2ABA70A15D48E93000A34A1 /* InfoPlist.strings in Resources */ = {isa = PBXBuildFile; fileRef = C2ABA70815D48E93000A34A1 /* InfoPlist.strings */; };
		C2ABA70D15D48E93000A34A1 /* MTDatesTests.m in Sources */ = {isa = PBXBuildFile; fileRef = C2ABA70C15D48E93000A34A1 /* MTDatesTests.m */; };
		C2ABA72415D490B4000A34A1 /* NSDate+MTDates.m in Sources */ = {isa = PBXBuildFile; fileRef = C2ABA72315D490B4000A34A1 /* NSDate+MTDates.m */; };
		C2ABA72515D490B4000A34A1 /* NSDate+MTDates.m in Sources */ = {isa = PBXBuildFile; fileRef = C2ABA72315D490B4000A34A1 /* NSDate+MTDates.m */; };
/* End PBXBuildFile section */

/* Begin PBXContainerItemProxy section */
		C2ABA70215D48E93000A34A1 /* PBXContainerItemProxy */ = {
			isa = PBXContainerItemProxy;
			containerPortal = C2ABA6E215D48E92000A34A1 /* Project object */;
			proxyType = 1;
			remoteGlobalIDString = C2ABA6EA15D48E92000A34A1;
			remoteInfo = MTDates;
		};
/* End PBXContainerItemProxy section */

/* Begin PBXCopyFilesBuildPhase section */
		C20254BF1751027100B6F23C /* CopyFiles */ = {
			isa = PBXCopyFilesBuildPhase;
			buildActionMask = 2147483647;
			dstPath = "include/${PRODUCT_NAME}";
			dstSubfolderSpec = 16;
			files = (
			);
			runOnlyForDeploymentPostprocessing = 0;
		};
		C2ABA6E915D48E92000A34A1 /* CopyFiles */ = {
			isa = PBXCopyFilesBuildPhase;
			buildActionMask = 2147483647;
			dstPath = "include/${PRODUCT_NAME}";
			dstSubfolderSpec = 16;
			files = (
			);
			runOnlyForDeploymentPostprocessing = 0;
		};
/* End PBXCopyFilesBuildPhase section */

/* Begin PBXFileReference section */
		C20254C31751027100B6F23C /* libMTDates.a */ = {isa = PBXFileReference; explicitFileType = archive.ar; includeInIndex = 0; path = libMTDates.a; sourceTree = BUILT_PRODUCTS_DIR; };
		C295B6E71607892000F4221C /* NSDateComponents+MTDates.h */ = {isa = PBXFileReference; fileEncoding = 4; lastKnownFileType = sourcecode.c.h; path = "NSDateComponents+MTDates.h"; sourceTree = "<group>"; };
		C295B6E81607892000F4221C /* NSDateComponents+MTDates.m */ = {isa = PBXFileReference; fileEncoding = 4; lastKnownFileType = sourcecode.c.objc; path = "NSDateComponents+MTDates.m"; sourceTree = "<group>"; };
		C295B6EB1607893600F4221C /* NSDateComponentsTests.h */ = {isa = PBXFileReference; fileEncoding = 4; lastKnownFileType = sourcecode.c.h; path = NSDateComponentsTests.h; sourceTree = "<group>"; };
		C295B6EC1607893600F4221C /* NSDateComponentsTests.m */ = {isa = PBXFileReference; fileEncoding = 4; lastKnownFileType = sourcecode.c.objc; path = NSDateComponentsTests.m; sourceTree = "<group>"; };
		C2ABA6EB15D48E92000A34A1 /* libMTDates.a */ = {isa = PBXFileReference; explicitFileType = archive.ar; includeInIndex = 0; path = libMTDates.a; sourceTree = BUILT_PRODUCTS_DIR; };
		C2ABA6EE15D48E93000A34A1 /* Foundation.framework */ = {isa = PBXFileReference; lastKnownFileType = wrapper.framework; name = Foundation.framework; path = System/Library/Frameworks/Foundation.framework; sourceTree = SDKROOT; };
		C2ABA6F215D48E93000A34A1 /* MTDates-Prefix.pch */ = {isa = PBXFileReference; lastKnownFileType = sourcecode.c.h; path = "MTDates-Prefix.pch"; sourceTree = "<group>"; };
		C2ABA6FC15D48E93000A34A1 /* MTDatesTests.octest */ = {isa = PBXFileReference; explicitFileType = wrapper.cfbundle; includeInIndex = 0; path = MTDatesTests.octest; sourceTree = BUILT_PRODUCTS_DIR; };
		C2ABA6FD15D48E93000A34A1 /* SenTestingKit.framework */ = {isa = PBXFileReference; lastKnownFileType = wrapper.framework; name = SenTestingKit.framework; path = Library/Frameworks/SenTestingKit.framework; sourceTree = DEVELOPER_DIR; };
		C2ABA6FF15D48E93000A34A1 /* UIKit.framework */ = {isa = PBXFileReference; lastKnownFileType = wrapper.framework; name = UIKit.framework; path = Library/Frameworks/UIKit.framework; sourceTree = DEVELOPER_DIR; };
		C2ABA70715D48E93000A34A1 /* MTDatesTests-Info.plist */ = {isa = PBXFileReference; lastKnownFileType = text.plist.xml; path = "MTDatesTests-Info.plist"; sourceTree = "<group>"; };
		C2ABA70915D48E93000A34A1 /* en */ = {isa = PBXFileReference; lastKnownFileType = text.plist.strings; name = en; path = en.lproj/InfoPlist.strings; sourceTree = "<group>"; };
		C2ABA70B15D48E93000A34A1 /* MTDatesTests.h */ = {isa = PBXFileReference; lastKnownFileType = sourcecode.c.h; path = MTDatesTests.h; sourceTree = "<group>"; };
		C2ABA70C15D48E93000A34A1 /* MTDatesTests.m */ = {isa = PBXFileReference; lastKnownFileType = sourcecode.c.objc; path = MTDatesTests.m; sourceTree = "<group>"; };
		C2ABA72215D490B4000A34A1 /* NSDate+MTDates.h */ = {isa = PBXFileReference; fileEncoding = 4; lastKnownFileType = sourcecode.c.h; path = "NSDate+MTDates.h"; sourceTree = "<group>"; };
		C2ABA72315D490B4000A34A1 /* NSDate+MTDates.m */ = {isa = PBXFileReference; fileEncoding = 4; lastKnownFileType = sourcecode.c.objc; path = "NSDate+MTDates.m"; sourceTree = "<group>"; };
/* End PBXFileReference section */

/* Begin PBXFrameworksBuildPhase section */
		C20254BD1751027100B6F23C /* Frameworks */ = {
			isa = PBXFrameworksBuildPhase;
			buildActionMask = 2147483647;
			files = (
				C20254BE1751027100B6F23C /* Foundation.framework in Frameworks */,
			);
			runOnlyForDeploymentPostprocessing = 0;
		};
		C2ABA6E815D48E92000A34A1 /* Frameworks */ = {
			isa = PBXFrameworksBuildPhase;
			buildActionMask = 2147483647;
			files = (
				C2ABA6EF15D48E93000A34A1 /* Foundation.framework in Frameworks */,
			);
			runOnlyForDeploymentPostprocessing = 0;
		};
		C2ABA6F815D48E93000A34A1 /* Frameworks */ = {
			isa = PBXFrameworksBuildPhase;
			buildActionMask = 2147483647;
			files = (
				C2ABA6FE15D48E93000A34A1 /* SenTestingKit.framework in Frameworks */,
				C2ABA70015D48E93000A34A1 /* UIKit.framework in Frameworks */,
				C2ABA70115D48E93000A34A1 /* Foundation.framework in Frameworks */,
				C2ABA70415D48E93000A34A1 /* libMTDates.a in Frameworks */,
			);
			runOnlyForDeploymentPostprocessing = 0;
		};
/* End PBXFrameworksBuildPhase section */

/* Begin PBXGroup section */
		C2ABA6E015D48E92000A34A1 = {
			isa = PBXGroup;
			children = (
				C2ABA6F015D48E93000A34A1 /* MTDates */,
				C2ABA70515D48E93000A34A1 /* MTDatesTests */,
				C2ABA6ED15D48E93000A34A1 /* Frameworks */,
				C2ABA6EC15D48E92000A34A1 /* Products */,
			);
			sourceTree = "<group>";
		};
		C2ABA6EC15D48E92000A34A1 /* Products */ = {
			isa = PBXGroup;
			children = (
				C2ABA6EB15D48E92000A34A1 /* libMTDates.a */,
				C2ABA6FC15D48E93000A34A1 /* MTDatesTests.octest */,
				C20254C31751027100B6F23C /* libMTDates.a */,
			);
			name = Products;
			sourceTree = "<group>";
		};
		C2ABA6ED15D48E93000A34A1 /* Frameworks */ = {
			isa = PBXGroup;
			children = (
				C2ABA6EE15D48E93000A34A1 /* Foundation.framework */,
				C2ABA6FD15D48E93000A34A1 /* SenTestingKit.framework */,
				C2ABA6FF15D48E93000A34A1 /* UIKit.framework */,
			);
			name = Frameworks;
			sourceTree = "<group>";
		};
		C2ABA6F015D48E93000A34A1 /* MTDates */ = {
			isa = PBXGroup;
			children = (
				C2ABA72215D490B4000A34A1 /* NSDate+MTDates.h */,
				C2ABA72315D490B4000A34A1 /* NSDate+MTDates.m */,
				C295B6E71607892000F4221C /* NSDateComponents+MTDates.h */,
				C295B6E81607892000F4221C /* NSDateComponents+MTDates.m */,
				C2ABA6F115D48E93000A34A1 /* Supporting Files */,
			);
			path = MTDates;
			sourceTree = "<group>";
		};
		C2ABA6F115D48E93000A34A1 /* Supporting Files */ = {
			isa = PBXGroup;
			children = (
				C2ABA6F215D48E93000A34A1 /* MTDates-Prefix.pch */,
			);
			name = "Supporting Files";
			sourceTree = "<group>";
		};
		C2ABA70515D48E93000A34A1 /* MTDatesTests */ = {
			isa = PBXGroup;
			children = (
				C2ABA70B15D48E93000A34A1 /* MTDatesTests.h */,
				C2ABA70C15D48E93000A34A1 /* MTDatesTests.m */,
				C295B6EB1607893600F4221C /* NSDateComponentsTests.h */,
				C295B6EC1607893600F4221C /* NSDateComponentsTests.m */,
				C2ABA70615D48E93000A34A1 /* Supporting Files */,
			);
			path = MTDatesTests;
			sourceTree = "<group>";
		};
		C2ABA70615D48E93000A34A1 /* Supporting Files */ = {
			isa = PBXGroup;
			children = (
				C2ABA70715D48E93000A34A1 /* MTDatesTests-Info.plist */,
				C2ABA70815D48E93000A34A1 /* InfoPlist.strings */,
			);
			name = "Supporting Files";
			sourceTree = "<group>";
		};
/* End PBXGroup section */

/* Begin PBXNativeTarget section */
		C20254B91751027100B6F23C /* MTDates-OSX */ = {
			isa = PBXNativeTarget;
			buildConfigurationList = C20254C01751027100B6F23C /* Build configuration list for PBXNativeTarget "MTDates-OSX" */;
			buildPhases = (
				C20254BA1751027100B6F23C /* Sources */,
				C20254BD1751027100B6F23C /* Frameworks */,
				C20254BF1751027100B6F23C /* CopyFiles */,
			);
			buildRules = (
			);
			dependencies = (
			);
			name = "MTDates-OSX";
			productName = MTDates;
			productReference = C20254C31751027100B6F23C /* libMTDates.a */;
			productType = "com.apple.product-type.library.static";
		};
		C2ABA6EA15D48E92000A34A1 /* MTDates-iOS */ = {
			isa = PBXNativeTarget;
			buildConfigurationList = C2ABA71015D48E93000A34A1 /* Build configuration list for PBXNativeTarget "MTDates-iOS" */;
			buildPhases = (
				C2ABA6E715D48E92000A34A1 /* Sources */,
				C2ABA6E815D48E92000A34A1 /* Frameworks */,
				C2ABA6E915D48E92000A34A1 /* CopyFiles */,
			);
			buildRules = (
			);
			dependencies = (
			);
			name = "MTDates-iOS";
			productName = MTDates;
			productReference = C2ABA6EB15D48E92000A34A1 /* libMTDates.a */;
			productType = "com.apple.product-type.library.static";
		};
		C2ABA6FB15D48E93000A34A1 /* MTDatesTests */ = {
			isa = PBXNativeTarget;
			buildConfigurationList = C2ABA71315D48E93000A34A1 /* Build configuration list for PBXNativeTarget "MTDatesTests" */;
			buildPhases = (
				C2ABA6F715D48E93000A34A1 /* Sources */,
				C2ABA6F815D48E93000A34A1 /* Frameworks */,
				C2ABA6F915D48E93000A34A1 /* Resources */,
				C2ABA6FA15D48E93000A34A1 /* ShellScript */,
			);
			buildRules = (
			);
			dependencies = (
				C2ABA70315D48E93000A34A1 /* PBXTargetDependency */,
			);
			name = MTDatesTests;
			productName = MTDatesTests;
			productReference = C2ABA6FC15D48E93000A34A1 /* MTDatesTests.octest */;
			productType = "com.apple.product-type.bundle";
		};
/* End PBXNativeTarget section */

/* Begin PBXProject section */
		C2ABA6E215D48E92000A34A1 /* Project object */ = {
			isa = PBXProject;
			attributes = {
				LastUpgradeCheck = 0460;
				ORGANIZATIONNAME = "Mysterious Trousers";
			};
			buildConfigurationList = C2ABA6E515D48E92000A34A1 /* Build configuration list for PBXProject "MTDates" */;
			compatibilityVersion = "Xcode 3.2";
			developmentRegion = English;
			hasScannedForEncodings = 0;
			knownRegions = (
				en,
			);
			mainGroup = C2ABA6E015D48E92000A34A1;
			productRefGroup = C2ABA6EC15D48E92000A34A1 /* Products */;
			projectDirPath = "";
			projectRoot = "";
			targets = (
				C2ABA6EA15D48E92000A34A1 /* MTDates-iOS */,
				C20254B91751027100B6F23C /* MTDates-OSX */,
				C2ABA6FB15D48E93000A34A1 /* MTDatesTests */,
			);
		};
/* End PBXProject section */

/* Begin PBXResourcesBuildPhase section */
		C2ABA6F915D48E93000A34A1 /* Resources */ = {
			isa = PBXResourcesBuildPhase;
			buildActionMask = 2147483647;
			files = (
				C2ABA70A15D48E93000A34A1 /* InfoPlist.strings in Resources */,
			);
			runOnlyForDeploymentPostprocessing = 0;
		};
/* End PBXResourcesBuildPhase section */

/* Begin PBXShellScriptBuildPhase section */
		C2ABA6FA15D48E93000A34A1 /* ShellScript */ = {
			isa = PBXShellScriptBuildPhase;
			buildActionMask = 2147483647;
			files = (
			);
			inputPaths = (
			);
			outputPaths = (
			);
			runOnlyForDeploymentPostprocessing = 0;
			shellPath = /bin/sh;
			shellScript = "# Run the unit tests in this test bundle.\n\"${SYSTEM_DEVELOPER_DIR}/Tools/RunUnitTests\"\n";
		};
/* End PBXShellScriptBuildPhase section */

/* Begin PBXSourcesBuildPhase section */
		C20254BA1751027100B6F23C /* Sources */ = {
			isa = PBXSourcesBuildPhase;
			buildActionMask = 2147483647;
			files = (
				C20254BB1751027100B6F23C /* NSDate+MTDates.m in Sources */,
				C20254BC1751027100B6F23C /* NSDateComponents+MTDates.m in Sources */,
			);
			runOnlyForDeploymentPostprocessing = 0;
		};
		C2ABA6E715D48E92000A34A1 /* Sources */ = {
			isa = PBXSourcesBuildPhase;
			buildActionMask = 2147483647;
			files = (
				C2ABA72415D490B4000A34A1 /* NSDate+MTDates.m in Sources */,
				C295B6E91607892000F4221C /* NSDateComponents+MTDates.m in Sources */,
			);
			runOnlyForDeploymentPostprocessing = 0;
		};
		C2ABA6F715D48E93000A34A1 /* Sources */ = {
			isa = PBXSourcesBuildPhase;
			buildActionMask = 2147483647;
			files = (
				C2ABA70D15D48E93000A34A1 /* MTDatesTests.m in Sources */,
				C2ABA72515D490B4000A34A1 /* NSDate+MTDates.m in Sources */,
				C295B6ED1607893600F4221C /* NSDateComponentsTests.m in Sources */,
				C295B6EE16078C0600F4221C /* NSDateComponents+MTDates.m in Sources */,
			);
			runOnlyForDeploymentPostprocessing = 0;
		};
/* End PBXSourcesBuildPhase section */

/* Begin PBXTargetDependency section */
		C2ABA70315D48E93000A34A1 /* PBXTargetDependency */ = {
			isa = PBXTargetDependency;
			target = C2ABA6EA15D48E92000A34A1 /* MTDates-iOS */;
			targetProxy = C2ABA70215D48E93000A34A1 /* PBXContainerItemProxy */;
		};
/* End PBXTargetDependency section */

/* Begin PBXVariantGroup section */
		C2ABA70815D48E93000A34A1 /* InfoPlist.strings */ = {
			isa = PBXVariantGroup;
			children = (
				C2ABA70915D48E93000A34A1 /* en */,
			);
			name = InfoPlist.strings;
			sourceTree = "<group>";
		};
/* End PBXVariantGroup section */

/* Begin XCBuildConfiguration section */
		C20254C11751027100B6F23C /* Debug */ = {
			isa = XCBuildConfiguration;
			buildSettings = {
				ARCHS = "$(ARCHS_STANDARD_64_BIT)";
				DSTROOT = /tmp/MTDates.dst;
				GCC_PRECOMPILE_PREFIX_HEADER = YES;
				GCC_PREFIX_HEADER = "MTDates/MTDates-Prefix.pch";
				OTHER_LDFLAGS = "-ObjC";
				PRODUCT_NAME = MTDates;
				SDKROOT = macosx;
				SKIP_INSTALL = YES;
				SUPPORTED_PLATFORMS = macosx;
			};
			name = Debug;
		};
		C20254C21751027100B6F23C /* Release */ = {
			isa = XCBuildConfiguration;
			buildSettings = {
				ARCHS = "$(ARCHS_STANDARD_64_BIT)";
				DSTROOT = /tmp/MTDates.dst;
				GCC_PRECOMPILE_PREFIX_HEADER = YES;
				GCC_PREFIX_HEADER = "MTDates/MTDates-Prefix.pch";
				OTHER_LDFLAGS = "-ObjC";
				PRODUCT_NAME = MTDates;
				SDKROOT = macosx;
				SKIP_INSTALL = YES;
				SUPPORTED_PLATFORMS = macosx;
			};
			name = Release;
		};
		C2ABA70E15D48E93000A34A1 /* Debug */ = {
			isa = XCBuildConfiguration;
			buildSettings = {
				ALWAYS_SEARCH_USER_PATHS = NO;
				ARCHS = "$(ARCHS_STANDARD_32_BIT)";
				CLANG_CXX_LANGUAGE_STANDARD = "gnu++0x";
				CLANG_ENABLE_OBJC_ARC = YES;
				CLANG_WARN_CONSTANT_CONVERSION = YES;
				CLANG_WARN_ENUM_CONVERSION = YES;
				CLANG_WARN_INT_CONVERSION = YES;
				CLANG_WARN__DUPLICATE_METHOD_MATCH = YES;
				COPY_PHASE_STRIP = NO;
				GCC_C_LANGUAGE_STANDARD = gnu99;
				GCC_DYNAMIC_NO_PIC = NO;
				GCC_OPTIMIZATION_LEVEL = 0;
				GCC_PREPROCESSOR_DEFINITIONS = (
					"DEBUG=1",
					"$(inherited)",
				);
				GCC_SYMBOLS_PRIVATE_EXTERN = NO;
				GCC_VERSION = "";
				GCC_WARN_ABOUT_RETURN_TYPE = YES;
				GCC_WARN_UNINITIALIZED_AUTOS = YES;
				GCC_WARN_UNUSED_VARIABLE = YES;
				IPHONEOS_DEPLOYMENT_TARGET = 5.1;
				SDKROOT = iphoneos;
				SUPPORTED_PLATFORMS = "iphonesimulator iphoneos";
			};
			name = Debug;
		};
		C2ABA70F15D48E93000A34A1 /* Release */ = {
			isa = XCBuildConfiguration;
			buildSettings = {
				ALWAYS_SEARCH_USER_PATHS = NO;
				ARCHS = "$(ARCHS_STANDARD_32_BIT)";
				CLANG_CXX_LANGUAGE_STANDARD = "gnu++0x";
				CLANG_ENABLE_OBJC_ARC = YES;
				CLANG_WARN_CONSTANT_CONVERSION = YES;
				CLANG_WARN_ENUM_CONVERSION = YES;
				CLANG_WARN_INT_CONVERSION = YES;
				CLANG_WARN__DUPLICATE_METHOD_MATCH = YES;
				COPY_PHASE_STRIP = YES;
				GCC_C_LANGUAGE_STANDARD = gnu99;
				GCC_VERSION = "";
				GCC_WARN_ABOUT_RETURN_TYPE = YES;
				GCC_WARN_UNINITIALIZED_AUTOS = YES;
				GCC_WARN_UNUSED_VARIABLE = YES;
				IPHONEOS_DEPLOYMENT_TARGET = 5.1;
				SDKROOT = iphoneos;
				SUPPORTED_PLATFORMS = "iphonesimulator iphoneos";
				VALIDATE_PRODUCT = YES;
			};
			name = Release;
		};
		C2ABA71115D48E93000A34A1 /* Debug */ = {
			isa = XCBuildConfiguration;
			buildSettings = {
				DSTROOT = /tmp/MTDates.dst;
				GCC_PRECOMPILE_PREFIX_HEADER = YES;
				GCC_PREFIX_HEADER = "MTDates/MTDates-Prefix.pch";
				OTHER_LDFLAGS = "-ObjC";
				PRODUCT_NAME = MTDates;
				SKIP_INSTALL = YES;
			};
			name = Debug;
		};
		C2ABA71215D48E93000A34A1 /* Release */ = {
			isa = XCBuildConfiguration;
			buildSettings = {
				DSTROOT = /tmp/MTDates.dst;
				GCC_PRECOMPILE_PREFIX_HEADER = YES;
				GCC_PREFIX_HEADER = "MTDates/MTDates-Prefix.pch";
				OTHER_LDFLAGS = "-ObjC";
				PRODUCT_NAME = MTDates;
				SKIP_INSTALL = YES;
			};
			name = Release;
		};
		C2ABA71415D48E93000A34A1 /* Debug */ = {
			isa = XCBuildConfiguration;
			buildSettings = {
				FRAMEWORK_SEARCH_PATHS = (
					"\"$(SDKROOT)/Developer/Library/Frameworks\"",
					"\"$(DEVELOPER_LIBRARY_DIR)/Frameworks\"",
				);
				GCC_PRECOMPILE_PREFIX_HEADER = YES;
				GCC_PREFIX_HEADER = "MTDates/MTDates-Prefix.pch";
				INFOPLIST_FILE = "MTDatesTests/MTDatesTests-Info.plist";
				PRODUCT_NAME = "$(TARGET_NAME)";
				WRAPPER_EXTENSION = octest;
			};
			name = Debug;
		};
		C2ABA71515D48E93000A34A1 /* Release */ = {
			isa = XCBuildConfiguration;
			buildSettings = {
				FRAMEWORK_SEARCH_PATHS = (
					"\"$(SDKROOT)/Developer/Library/Frameworks\"",
					"\"$(DEVELOPER_LIBRARY_DIR)/Frameworks\"",
				);
				GCC_PRECOMPILE_PREFIX_HEADER = YES;
				GCC_PREFIX_HEADER = "MTDates/MTDates-Prefix.pch";
				INFOPLIST_FILE = "MTDatesTests/MTDatesTests-Info.plist";
				PRODUCT_NAME = "$(TARGET_NAME)";
				WRAPPER_EXTENSION = octest;
			};
			name = Release;
		};
/* End XCBuildConfiguration section */

/* Begin XCConfigurationList section */
		C20254C01751027100B6F23C /* Build configuration list for PBXNativeTarget "MTDates-OSX" */ = {
			isa = XCConfigurationList;
			buildConfigurations = (
				C20254C11751027100B6F23C /* Debug */,
				C20254C21751027100B6F23C /* Release */,
			);
			defaultConfigurationIsVisible = 0;
			defaultConfigurationName = Release;
		};
		C2ABA6E515D48E92000A34A1 /* Build configuration list for PBXProject "MTDates" */ = {
			isa = XCConfigurationList;
			buildConfigurations = (
				C2ABA70E15D48E93000A34A1 /* Debug */,
				C2ABA70F15D48E93000A34A1 /* Release */,
			);
			defaultConfigurationIsVisible = 0;
			defaultConfigurationName = Release;
		};
		C2ABA71015D48E93000A34A1 /* Build configuration list for PBXNativeTarget "MTDates-iOS" */ = {
			isa = XCConfigurationList;
			buildConfigurations = (
				C2ABA71115D48E93000A34A1 /* Debug */,
				C2ABA71215D48E93000A34A1 /* Release */,
			);
			defaultConfigurationIsVisible = 0;
			defaultConfigurationName = Release;
		};
		C2ABA71315D48E93000A34A1 /* Build configuration list for PBXNativeTarget "MTDatesTests" */ = {
			isa = XCConfigurationList;
			buildConfigurations = (
				C2ABA71415D48E93000A34A1 /* Debug */,
				C2ABA71515D48E93000A34A1 /* Release */,
			);
			defaultConfigurationIsVisible = 0;
			defaultConfigurationName = Release;
		};
/* End XCConfigurationList section */
	};
	rootObject = C2ABA6E215D48E92000A34A1 /* Project object */;
}
